
Microsoft Visual Studio Solution File, Format Version 12.00
# Visual Studio Version 17
VisualStudioVersion = 17.11.35312.102
MinimumVisualStudioVersion = 10.0.40219.1
Project("{9A19103F-16F7-4668-BE54-9A1E7A4F7556}") = "CokKatmanliDeneme", "CokKatmanliDeneme\CokKatmanliDeneme.csproj", "{A49F870F-A137-4F29-B978-E39C8D39C3FD}"
EndProject
Project("{9A19103F-16F7-4668-BE54-9A1E7A4F7556}") = "Entities", "Entities\Entities.csproj", "{DC821EE3-226B-4F7F-B3FD-205FF3262419}"
EndProject
Project("{9A19103F-16F7-4668-BE54-9A1E7A4F7556}") = "Repositories", "Repositories\Repositories.csproj", "{DCE8B6CD-293F-4C9F-BBAE-A7D2C49038AA}"
EndProject
Project("{9A19103F-16F7-4668-BE54-9A1E7A4F7556}") = "Services", "Services\Services.csproj", "{868BA60E-AE03-4B7D-B25F-55FCF1936339}"
EndProject
Project("{FAE04EC0-301F-11D3-BF4B-00C04F79EFBC}") = "DTOLAR", "DTOLAR\DTOLAR.csproj", "{E1B02C4D-2567-477A-AA5B-404E85FC40E4}"
EndProject
Global
	GlobalSection(SolutionConfigurationPlatforms) = preSolution
		Debug|Any CPU = Debug|Any CPU
		Release|Any CPU = Release|Any CPU
	EndGlobalSection
	GlobalSection(ProjectConfigurationPlatforms) = postSolution
		{A49F870F-A137-4F29-B978-E39C8D39C3FD}.Debug|Any CPU.ActiveCfg = Debug|Any CPU
		{A49F870F-A137-4F29-B978-E39C8D39C3FD}.Debug|Any CPU.Build.0 = Debug|Any CPU
		{A49F870F-A137-4F29-B978-E39C8D39C3FD}.Release|Any CPU.ActiveCfg = Release|Any CPU
		{A49F870F-A137-4F29-B978-E39C8D39C3FD}.Release|Any CPU.Build.0 = Release|Any CPU
		{DC821EE3-226B-4F7F-B3FD-205FF3262419}.Debug|Any CPU.ActiveCfg = Debug|Any CPU
		{DC821EE3-226B-4F7F-B3FD-205FF3262419}.Debug|Any CPU.Build.0 = Debug|Any CPU
		{DC821EE3-226B-4F7F-B3FD-205FF3262419}.Release|Any CPU.ActiveCfg = Release|Any CPU
		{DC821EE3-226B-4F7F-B3FD-205FF3262419}.Release|Any CPU.Build.0 = Release|Any CPU
		{DCE8B6CD-293F-4C9F-BBAE-A7D2C49038AA}.Debug|Any CPU.ActiveCfg = Debug|Any CPU
		{DCE8B6CD-293F-4C9F-BBAE-A7D2C49038AA}.Debug|Any CPU.Build.0 = Debug|Any CPU
		{DCE8B6CD-293F-4C9F-BBAE-A7D2C49038AA}.Release|Any CPU.ActiveCfg = Release|Any CPU
		{DCE8B6CD-293F-4C9F-BBAE-A7D2C49038AA}.Release|Any CPU.Build.0 = Release|Any CPU
		{868BA60E-AE03-4B7D-B25F-55FCF1936339}.Debug|Any CPU.ActiveCfg = Debug|Any CPU
		{868BA60E-AE03-4B7D-B25F-55FCF1936339}.Debug|Any CPU.Build.0 = Debug|Any CPU
		{868BA60E-AE03-4B7D-B25F-55FCF1936339}.Release|Any CPU.ActiveCfg = Release|Any CPU
		{868BA60E-AE03-4B7D-B25F-55FCF1936339}.Release|Any CPU.Build.0 = Release|Any CPU
		{E1B02C4D-2567-477A-AA5B-404E85FC40E4}.Debug|Any CPU.ActiveCfg = Debug|Any CPU
		{E1B02C4D-2567-477A-AA5B-404E85FC40E4}.Debug|Any CPU.Build.0 = Debug|Any CPU
		{E1B02C4D-2567-477A-AA5B-404E85FC40E4}.Release|Any CPU.ActiveCfg = Release|Any CPU
		{E1B02C4D-2567-477A-AA5B-404E85FC40E4}.Release|Any CPU.Build.0 = Release|Any CPU
	EndGlobalSection
	GlobalSection(SolutionProperties) = preSolution
		HideSolutionNode = FALSE
	EndGlobalSection
	GlobalSection(ExtensibilityGlobals) = postSolution
		SolutionGuid = {805FB925-5F68-421C-9ED0-03B8A39B3305}
	EndGlobalSection
EndGlobal
